
Microsoft Visual Studio Solution File, Format Version 12.00
# Visual Studio 15
Project("{FAE04EC0-301F-11D3-BF4B-00C04F79EFBC}") = "Assembly-CSharp", "Assembly-CSharp.csproj", "{A90233C0-64AA-DFA8-A289-3B3C6B6F02C3}"
EndProject
Project("{FAE04EC0-301F-11D3-BF4B-00C04F79EFBC}") = "Assembly-CSharp-Editor", "Assembly-CSharp-Editor.csproj", "{667961D3-400B-03A5-42A9-5C624055DAF9}"
EndProject
Global
	GlobalSection(SolutionConfigurationPlatforms) = preSolution
		Debug|Any CPU = Debug|Any CPU
		Release|Any CPU = Release|Any CPU
	EndGlobalSection
	GlobalSection(ProjectConfigurationPlatforms) = postSolution
		{A90233C0-64AA-DFA8-A289-3B3C6B6F02C3}.Debug|Any CPU.ActiveCfg = Debug|Any CPU
		{A90233C0-64AA-DFA8-A289-3B3C6B6F02C3}.Debug|Any CPU.Build.0 = Debug|Any CPU
		{A90233C0-64AA-DFA8-A289-3B3C6B6F02C3}.Release|Any CPU.ActiveCfg = Release|Any CPU
		{A90233C0-64AA-DFA8-A289-3B3C6B6F02C3}.Release|Any CPU.Build.0 = Release|Any CPU
		{667961D3-400B-03A5-42A9-5C624055DAF9}.Debug|Any CPU.ActiveCfg = Debug|Any CPU
		{667961D3-400B-03A5-42A9-5C624055DAF9}.Debug|Any CPU.Build.0 = Debug|Any CPU
		{667961D3-400B-03A5-42A9-5C624055DAF9}.Release|Any CPU.ActiveCfg = Release|Any CPU
		{667961D3-400B-03A5-42A9-5C624055DAF9}.Release|Any CPU.Build.0 = Release|Any CPU
	EndGlobalSection
	GlobalSection(SolutionProperties) = preSolution
		HideSolutionNode = FALSE
	EndGlobalSection
	GlobalSection(MonoDevelopProperties) = preSolution
		StartupItem = Assembly-CSharp.csproj
	EndGlobalSection
EndGlobal
